
Microsoft Visual Studio Solution File, Format Version 12.00
# Visual Studio Version 16
VisualStudioVersion = 16.0.30204.135
MinimumVisualStudioVersion = 10.0.40219.1
Project("{9A19103F-16F7-4668-BE54-9A1E7A4F7556}") = "Orders.Domain", "Sample\Orders.Domain\Orders.Domain.csproj", "{C20437F8-E657-4730-A233-73C768B933E0}"
EndProject
Project("{9A19103F-16F7-4668-BE54-9A1E7A4F7556}") = "Orders.Application", "Sample\Orders.Application\Orders.Application.csproj", "{F60584FC-0286-4DC3-B9C6-28DD76F0D0D8}"
EndProject
Project("{9A19103F-16F7-4668-BE54-9A1E7A4F7556}") = "Orders.Data", "Sample\Orders.Data\Orders.Data.csproj", "{DE50180B-6F26-45E8-AA55-C9C2EE7FD7FF}"
EndProject
Project("{9A19103F-16F7-4668-BE54-9A1E7A4F7556}") = "Orders.Infrastructure", "Sample\Orders.Infrastructure\Orders.Infrastructure.csproj", "{816BBDF0-CD37-453D-B41F-F4E771803642}"
EndProject
Project("{9A19103F-16F7-4668-BE54-9A1E7A4F7556}") = "OperationResult", "src\OperationResult\OperationResult.csproj", "{2DD68366-0130-4313-9B17-1751F974ED49}"
EndProject
Project("{9A19103F-16F7-4668-BE54-9A1E7A4F7556}") = "Orders.Api", "Sample\Orders.Api\Orders.Api.csproj", "{BDAB47F1-39C0-4C83-BB1B-EF8244943F04}"
EndProject
Project("{2150E333-8FDC-42A3-9474-1A3956D46DE8}") = "Solution Items", "Solution Items", "{73FB95FE-B127-4AB2-BE9B-56014B726B42}"
	ProjectSection(SolutionItems) = preProject
		.editorconfig = .editorconfig
		Directory.Build.props = Directory.Build.props
		README.md = README.md
	EndProjectSection
EndProject
Project("{2150E333-8FDC-42A3-9474-1A3956D46DE8}") = "Sample", "Sample", "{1AA34E50-0845-474C-B251-1B0E9C0250C2}"
EndProject
Global
	GlobalSection(SolutionConfigurationPlatforms) = preSolution
		Debug|Any CPU = Debug|Any CPU
		Release|Any CPU = Release|Any CPU
	EndGlobalSection
	GlobalSection(ProjectConfigurationPlatforms) = postSolution
		{C20437F8-E657-4730-A233-73C768B933E0}.Debug|Any CPU.ActiveCfg = Debug|Any CPU
		{C20437F8-E657-4730-A233-73C768B933E0}.Debug|Any CPU.Build.0 = Debug|Any CPU
		{C20437F8-E657-4730-A233-73C768B933E0}.Release|Any CPU.ActiveCfg = Release|Any CPU
		{C20437F8-E657-4730-A233-73C768B933E0}.Release|Any CPU.Build.0 = Release|Any CPU
		{F60584FC-0286-4DC3-B9C6-28DD76F0D0D8}.Debug|Any CPU.ActiveCfg = Debug|Any CPU
		{F60584FC-0286-4DC3-B9C6-28DD76F0D0D8}.Debug|Any CPU.Build.0 = Debug|Any CPU
		{F60584FC-0286-4DC3-B9C6-28DD76F0D0D8}.Release|Any CPU.ActiveCfg = Release|Any CPU
		{F60584FC-0286-4DC3-B9C6-28DD76F0D0D8}.Release|Any CPU.Build.0 = Release|Any CPU
		{DE50180B-6F26-45E8-AA55-C9C2EE7FD7FF}.Debug|Any CPU.ActiveCfg = Debug|Any CPU
		{DE50180B-6F26-45E8-AA55-C9C2EE7FD7FF}.Debug|Any CPU.Build.0 = Debug|Any CPU
		{DE50180B-6F26-45E8-AA55-C9C2EE7FD7FF}.Release|Any CPU.ActiveCfg = Release|Any CPU
		{DE50180B-6F26-45E8-AA55-C9C2EE7FD7FF}.Release|Any CPU.Build.0 = Release|Any CPU
		{816BBDF0-CD37-453D-B41F-F4E771803642}.Debug|Any CPU.ActiveCfg = Debug|Any CPU
		{816BBDF0-CD37-453D-B41F-F4E771803642}.Debug|Any CPU.Build.0 = Debug|Any CPU
		{816BBDF0-CD37-453D-B41F-F4E771803642}.Release|Any CPU.ActiveCfg = Release|Any CPU
		{816BBDF0-CD37-453D-B41F-F4E771803642}.Release|Any CPU.Build.0 = Release|Any CPU
		{2DD68366-0130-4313-9B17-1751F974ED49}.Debug|Any CPU.ActiveCfg = Debug|Any CPU
		{2DD68366-0130-4313-9B17-1751F974ED49}.Debug|Any CPU.Build.0 = Debug|Any CPU
		{2DD68366-0130-4313-9B17-1751F974ED49}.Release|Any CPU.ActiveCfg = Release|Any CPU
		{2DD68366-0130-4313-9B17-1751F974ED49}.Release|Any CPU.Build.0 = Release|Any CPU
		{BDAB47F1-39C0-4C83-BB1B-EF8244943F04}.Debug|Any CPU.ActiveCfg = Debug|Any CPU
		{BDAB47F1-39C0-4C83-BB1B-EF8244943F04}.Debug|Any CPU.Build.0 = Debug|Any CPU
		{BDAB47F1-39C0-4C83-BB1B-EF8244943F04}.Release|Any CPU.ActiveCfg = Release|Any CPU
		{BDAB47F1-39C0-4C83-BB1B-EF8244943F04}.Release|Any CPU.Build.0 = Release|Any CPU
	EndGlobalSection
	GlobalSection(SolutionProperties) = preSolution
		HideSolutionNode = FALSE
	EndGlobalSection
	GlobalSection(NestedProjects) = preSolution
		{C20437F8-E657-4730-A233-73C768B933E0} = {1AA34E50-0845-474C-B251-1B0E9C0250C2}
		{F60584FC-0286-4DC3-B9C6-28DD76F0D0D8} = {1AA34E50-0845-474C-B251-1B0E9C0250C2}
		{DE50180B-6F26-45E8-AA55-C9C2EE7FD7FF} = {1AA34E50-0845-474C-B251-1B0E9C0250C2}
		{816BBDF0-CD37-453D-B41F-F4E771803642} = {1AA34E50-0845-474C-B251-1B0E9C0250C2}
		{BDAB47F1-39C0-4C83-BB1B-EF8244943F04} = {1AA34E50-0845-474C-B251-1B0E9C0250C2}
	EndGlobalSection
	GlobalSection(ExtensibilityGlobals) = postSolution
		SolutionGuid = {EB14D2FA-1FB7-4713-BB02-A557EFE2F2C3}
	EndGlobalSection
EndGlobal
