
Microsoft Visual Studio Solution File, Format Version 12.00
# Visual Studio Version 16
VisualStudioVersion = 16.0.30204.135
MinimumVisualStudioVersion = 10.0.40219.1
Project("{9A19103F-16F7-4668-BE54-9A1E7A4F7556}") = "Orders.Api", "UseCaseResult\Orders.Api.csproj", "{241943D1-E6BD-4A01-8B55-8B9E4F749BF9}"
EndProject
Project("{9A19103F-16F7-4668-BE54-9A1E7A4F7556}") = "Orders.Domain", "Orders.Domain\Orders.Domain.csproj", "{C20437F8-E657-4730-A233-73C768B933E0}"
EndProject
Project("{9A19103F-16F7-4668-BE54-9A1E7A4F7556}") = "Orders.Application", "Orders.Application\Orders.Application.csproj", "{F60584FC-0286-4DC3-B9C6-28DD76F0D0D8}"
EndProject
Project("{9A19103F-16F7-4668-BE54-9A1E7A4F7556}") = "Orders.Data", "Orders.Data\Orders.Data.csproj", "{DE50180B-6F26-45E8-AA55-C9C2EE7FD7FF}"
EndProject
Project("{9A19103F-16F7-4668-BE54-9A1E7A4F7556}") = "Orders.Infrastructure", "Orders.Infrastructure\Orders.Infrastructure.csproj", "{816BBDF0-CD37-453D-B41F-F4E771803642}"
EndProject
Project("{2150E333-8FDC-42A3-9474-1A3956D46DE8}") = "Shared", "Shared", "{CF6BEB42-F72C-41BC-8CFB-0ED8570460D0}"
EndProject
Project("{FAE04EC0-301F-11D3-BF4B-00C04F79EFBC}") = "OperationResult", "OperationResult\OperationResult.csproj", "{2DD68366-0130-4313-9B17-1751F974ED49}"
EndProject
Global
	GlobalSection(SolutionConfigurationPlatforms) = preSolution
		Debug|Any CPU = Debug|Any CPU
		Release|Any CPU = Release|Any CPU
	EndGlobalSection
	GlobalSection(ProjectConfigurationPlatforms) = postSolution
		{241943D1-E6BD-4A01-8B55-8B9E4F749BF9}.Debug|Any CPU.ActiveCfg = Debug|Any CPU
		{241943D1-E6BD-4A01-8B55-8B9E4F749BF9}.Debug|Any CPU.Build.0 = Debug|Any CPU
		{241943D1-E6BD-4A01-8B55-8B9E4F749BF9}.Release|Any CPU.ActiveCfg = Release|Any CPU
		{241943D1-E6BD-4A01-8B55-8B9E4F749BF9}.Release|Any CPU.Build.0 = Release|Any CPU
		{C20437F8-E657-4730-A233-73C768B933E0}.Debug|Any CPU.ActiveCfg = Debug|Any CPU
		{C20437F8-E657-4730-A233-73C768B933E0}.Debug|Any CPU.Build.0 = Debug|Any CPU
		{C20437F8-E657-4730-A233-73C768B933E0}.Release|Any CPU.ActiveCfg = Release|Any CPU
		{C20437F8-E657-4730-A233-73C768B933E0}.Release|Any CPU.Build.0 = Release|Any CPU
		{F60584FC-0286-4DC3-B9C6-28DD76F0D0D8}.Debug|Any CPU.ActiveCfg = Debug|Any CPU
		{F60584FC-0286-4DC3-B9C6-28DD76F0D0D8}.Debug|Any CPU.Build.0 = Debug|Any CPU
		{F60584FC-0286-4DC3-B9C6-28DD76F0D0D8}.Release|Any CPU.ActiveCfg = Release|Any CPU
		{F60584FC-0286-4DC3-B9C6-28DD76F0D0D8}.Release|Any CPU.Build.0 = Release|Any CPU
		{DE50180B-6F26-45E8-AA55-C9C2EE7FD7FF}.Debug|Any CPU.ActiveCfg = Debug|Any CPU
		{DE50180B-6F26-45E8-AA55-C9C2EE7FD7FF}.Debug|Any CPU.Build.0 = Debug|Any CPU
		{DE50180B-6F26-45E8-AA55-C9C2EE7FD7FF}.Release|Any CPU.ActiveCfg = Release|Any CPU
		{DE50180B-6F26-45E8-AA55-C9C2EE7FD7FF}.Release|Any CPU.Build.0 = Release|Any CPU
		{816BBDF0-CD37-453D-B41F-F4E771803642}.Debug|Any CPU.ActiveCfg = Debug|Any CPU
		{816BBDF0-CD37-453D-B41F-F4E771803642}.Debug|Any CPU.Build.0 = Debug|Any CPU
		{816BBDF0-CD37-453D-B41F-F4E771803642}.Release|Any CPU.ActiveCfg = Release|Any CPU
		{816BBDF0-CD37-453D-B41F-F4E771803642}.Release|Any CPU.Build.0 = Release|Any CPU
		{2DD68366-0130-4313-9B17-1751F974ED49}.Debug|Any CPU.ActiveCfg = Debug|Any CPU
		{2DD68366-0130-4313-9B17-1751F974ED49}.Debug|Any CPU.Build.0 = Debug|Any CPU
		{2DD68366-0130-4313-9B17-1751F974ED49}.Release|Any CPU.ActiveCfg = Release|Any CPU
		{2DD68366-0130-4313-9B17-1751F974ED49}.Release|Any CPU.Build.0 = Release|Any CPU
	EndGlobalSection
	GlobalSection(SolutionProperties) = preSolution
		HideSolutionNode = FALSE
	EndGlobalSection
	GlobalSection(NestedProjects) = preSolution
		{2DD68366-0130-4313-9B17-1751F974ED49} = {CF6BEB42-F72C-41BC-8CFB-0ED8570460D0}
	EndGlobalSection
	GlobalSection(ExtensibilityGlobals) = postSolution
		SolutionGuid = {EB14D2FA-1FB7-4713-BB02-A557EFE2F2C3}
	EndGlobalSection
EndGlobal
